
Microsoft Visual Studio Solution File, Format Version 12.00
Project("{FAE04EC0-301F-11D3-BF4B-00C04F79EFBC}") = "SecondTask", "SecondTask\SecondTask.csproj", "{BF68BFD8-F5FB-4A70-8201-7083C124322E}"
EndProject
Project("{FAE04EC0-301F-11D3-BF4B-00C04F79EFBC}") = "FirstTask", "FirstTask\FirstTask.csproj", "{4ABCA0D8-35F9-4148-840A-571F44CB102C}"
EndProject
Global
	GlobalSection(SolutionConfigurationPlatforms) = preSolution
		Debug|Any CPU = Debug|Any CPU
		Release|Any CPU = Release|Any CPU
	EndGlobalSection
	GlobalSection(ProjectConfigurationPlatforms) = postSolution
		{BF68BFD8-F5FB-4A70-8201-7083C124322E}.Debug|Any CPU.ActiveCfg = Debug|Any CPU
		{BF68BFD8-F5FB-4A70-8201-7083C124322E}.Debug|Any CPU.Build.0 = Debug|Any CPU
		{BF68BFD8-F5FB-4A70-8201-7083C124322E}.Release|Any CPU.ActiveCfg = Release|Any CPU
		{BF68BFD8-F5FB-4A70-8201-7083C124322E}.Release|Any CPU.Build.0 = Release|Any CPU
		{4ABCA0D8-35F9-4148-840A-571F44CB102C}.Debug|Any CPU.ActiveCfg = Debug|Any CPU
		{4ABCA0D8-35F9-4148-840A-571F44CB102C}.Debug|Any CPU.Build.0 = Debug|Any CPU
		{4ABCA0D8-35F9-4148-840A-571F44CB102C}.Release|Any CPU.ActiveCfg = Release|Any CPU
		{4ABCA0D8-35F9-4148-840A-571F44CB102C}.Release|Any CPU.Build.0 = Release|Any CPU
	EndGlobalSection
EndGlobal
